
Microsoft Visual Studio Solution File, Format Version 11.00
# Visual Studio 2010
Project("{FAE04EC0-301F-11D3-BF4B-00C04F79EFBC}") = "Tankpocalypse 0.1", "Assembly-CSharp.csproj", "{62DC732B-7DD3-523C-6171-8188E20C383C}"
EndProject
Project("{FAE04EC0-301F-11D3-BF4B-00C04F79EFBC}") = "Tankpocalypse 0.1", "Assembly-CSharp-firstpass.csproj", "{1BD4FB73-6D4A-8CB9-7E32-9990A4CAA34B}"
EndProject
Project("{FAE04EC0-301F-11D3-BF4B-00C04F79EFBC}") = "Tankpocalypse 0.1", "Assembly-CSharp-Editor-firstpass.csproj", "{E0BAF0EA-7913-AC59-A4FE-84C0DDAC4E40}"
EndProject
Global
	GlobalSection(SolutionConfigurationPlatforms) = preSolution
		Debug|Any CPU = Debug|Any CPU
		Release|Any CPU = Release|Any CPU
	EndGlobalSection
	GlobalSection(ProjectConfigurationPlatforms) = postSolution
		{62DC732B-7DD3-523C-6171-8188E20C383C}.Debug|Any CPU.ActiveCfg = Debug|Any CPU
		{62DC732B-7DD3-523C-6171-8188E20C383C}.Debug|Any CPU.Build.0 = Debug|Any CPU
		{62DC732B-7DD3-523C-6171-8188E20C383C}.Release|Any CPU.ActiveCfg = Release|Any CPU
		{62DC732B-7DD3-523C-6171-8188E20C383C}.Release|Any CPU.Build.0 = Release|Any CPU
		{1BD4FB73-6D4A-8CB9-7E32-9990A4CAA34B}.Debug|Any CPU.ActiveCfg = Debug|Any CPU
		{1BD4FB73-6D4A-8CB9-7E32-9990A4CAA34B}.Debug|Any CPU.Build.0 = Debug|Any CPU
		{1BD4FB73-6D4A-8CB9-7E32-9990A4CAA34B}.Release|Any CPU.ActiveCfg = Release|Any CPU
		{1BD4FB73-6D4A-8CB9-7E32-9990A4CAA34B}.Release|Any CPU.Build.0 = Release|Any CPU
		{E0BAF0EA-7913-AC59-A4FE-84C0DDAC4E40}.Debug|Any CPU.ActiveCfg = Debug|Any CPU
		{E0BAF0EA-7913-AC59-A4FE-84C0DDAC4E40}.Debug|Any CPU.Build.0 = Debug|Any CPU
		{E0BAF0EA-7913-AC59-A4FE-84C0DDAC4E40}.Release|Any CPU.ActiveCfg = Release|Any CPU
		{E0BAF0EA-7913-AC59-A4FE-84C0DDAC4E40}.Release|Any CPU.Build.0 = Release|Any CPU
	EndGlobalSection
	GlobalSection(SolutionProperties) = preSolution
		HideSolutionNode = FALSE
	EndGlobalSection
	GlobalSection(MonoDevelopProperties) = preSolution
		StartupItem = Assembly-CSharp.csproj
	EndGlobalSection
EndGlobal
